
Microsoft Visual Studio Solution File, Format Version 12.00
# Visual Studio Version 17
VisualStudioVersion = 17.14.36518.9 d17.14
MinimumVisualStudioVersion = 10.0.40219.1
Project("{FAE04EC0-301F-11D3-BF4B-00C04F79EFBC}") = "QuizAPIELECT2", "QuizAPIELECT2\QuizAPIELECT2.csproj", "{71984824-29E5-49C9-B315-43BBB1880898}"
EndProject
Global
	GlobalSection(SolutionConfigurationPlatforms) = preSolution
		Debug|Any CPU = Debug|Any CPU
		Release|Any CPU = Release|Any CPU
	EndGlobalSection
	GlobalSection(ProjectConfigurationPlatforms) = postSolution
		{71984824-29E5-49C9-B315-43BBB1880898}.Debug|Any CPU.ActiveCfg = Debug|Any CPU
		{71984824-29E5-49C9-B315-43BBB1880898}.Debug|Any CPU.Build.0 = Debug|Any CPU
		{71984824-29E5-49C9-B315-43BBB1880898}.Release|Any CPU.ActiveCfg = Release|Any CPU
		{71984824-29E5-49C9-B315-43BBB1880898}.Release|Any CPU.Build.0 = Release|Any CPU
	EndGlobalSection
	GlobalSection(SolutionProperties) = preSolution
		HideSolutionNode = FALSE
	EndGlobalSection
	GlobalSection(ExtensibilityGlobals) = postSolution
		SolutionGuid = {3D1A2325-0A99-4E98-97A9-2503C728207A}
	EndGlobalSection
EndGlobal
